
Microsoft Visual Studio Solution File, Format Version 12.00
# Visual Studio Version 17
VisualStudioVersion = 17.6.33723.286
MinimumVisualStudioVersion = 10.0.40219.1
Project("{FAE04EC0-301F-11D3-BF4B-00C04F79EFBC}") = "ChatGPTAPIExample", "ChatGPTAPIExample\ChatGPTAPIExample.csproj", "{6D4C9FD0-3F51-4F61-A75B-BB784E98A405}"
EndProject
Global
	GlobalSection(SolutionConfigurationPlatforms) = preSolution
		Debug|Any CPU = Debug|Any CPU
		Release|Any CPU = Release|Any CPU
	EndGlobalSection
	GlobalSection(ProjectConfigurationPlatforms) = postSolution
		{6D4C9FD0-3F51-4F61-A75B-BB784E98A405}.Debug|Any CPU.ActiveCfg = Debug|Any CPU
		{6D4C9FD0-3F51-4F61-A75B-BB784E98A405}.Debug|Any CPU.Build.0 = Debug|Any CPU
		{6D4C9FD0-3F51-4F61-A75B-BB784E98A405}.Release|Any CPU.ActiveCfg = Release|Any CPU
		{6D4C9FD0-3F51-4F61-A75B-BB784E98A405}.Release|Any CPU.Build.0 = Release|Any CPU
	EndGlobalSection
	GlobalSection(SolutionProperties) = preSolution
		HideSolutionNode = FALSE
	EndGlobalSection
	GlobalSection(ExtensibilityGlobals) = postSolution
		SolutionGuid = {BF271A22-5725-4D36-BF08-B737B4388C86}
	EndGlobalSection
EndGlobal
